// !$*UTF8*$!
{
	archiveVersion = 1;
	classes = {
	};
	objectVersion = 46;
	objects = {

/* Begin PBXBuildFile section */
		DD5AA07714454ADD00BDBCAD /* MapAnnotation.m in Sources */ = {isa = PBXBuildFile; fileRef = DD5AA07614454ADD00BDBCAD /* MapAnnotation.m */; };
		DDAC6B1314452B7C00F80FE6 /* UIKit.framework in Frameworks */ = {isa = PBXBuildFile; fileRef = DDAC6B1214452B7C00F80FE6 /* UIKit.framework */; };
		DDAC6B1514452B7C00F80FE6 /* Foundation.framework in Frameworks */ = {isa = PBXBuildFile; fileRef = DDAC6B1414452B7C00F80FE6 /* Foundation.framework */; };
		DDAC6B1714452B7C00F80FE6 /* CoreGraphics.framework in Frameworks */ = {isa = PBXBuildFile; fileRef = DDAC6B1614452B7C00F80FE6 /* CoreGraphics.framework */; };
		DDAC6B1D14452B7C00F80FE6 /* InfoPlist.strings in Resources */ = {isa = PBXBuildFile; fileRef = DDAC6B1B14452B7C00F80FE6 /* InfoPlist.strings */; };
		DDAC6B2014452B7C00F80FE6 /* main.m in Sources */ = {isa = PBXBuildFile; fileRef = DDAC6B1F14452B7C00F80FE6 /* main.m */; };
		DDAC6B2314452B7C00F80FE6 /* MapAppAppDelegate.m in Sources */ = {isa = PBXBuildFile; fileRef = DDAC6B2214452B7C00F80FE6 /* MapAppAppDelegate.m */; };
		DDAC6B2614452B7C00F80FE6 /* MainWindow.xib in Resources */ = {isa = PBXBuildFile; fileRef = DDAC6B2414452B7C00F80FE6 /* MainWindow.xib */; };
		DDAC6B2914452B7C00F80FE6 /* MapAppViewController.m in Sources */ = {isa = PBXBuildFile; fileRef = DDAC6B2814452B7C00F80FE6 /* MapAppViewController.m */; };
		DDAC6B2C14452B7C00F80FE6 /* MapAppViewController.xib in Resources */ = {isa = PBXBuildFile; fileRef = DDAC6B2A14452B7C00F80FE6 /* MapAppViewController.xib */; };
		DDAC6B3314452B9900F80FE6 /* MapKit.framework in Frameworks */ = {isa = PBXBuildFile; fileRef = DDAC6B3214452B9900F80FE6 /* MapKit.framework */; };
/* End PBXBuildFile section */

/* Begin PBXFileReference section */
		DD5AA07514454ADD00BDBCAD /* MapAnnotation.h */ = {isa = PBXFileReference; fileEncoding = 4; lastKnownFileType = sourcecode.c.h; path = MapAnnotation.h; sourceTree = "<group>"; };
		DD5AA07614454ADD00BDBCAD /* MapAnnotation.m */ = {isa = PBXFileReference; fileEncoding = 4; lastKnownFileType = sourcecode.c.objc; path = MapAnnotation.m; sourceTree = "<group>"; };
		DDAC6B0E14452B7C00F80FE6 /* MapApp.app */ = {isa = PBXFileReference; explicitFileType = wrapper.application; includeInIndex = 0; path = MapApp.app; sourceTree = BUILT_PRODUCTS_DIR; };
		DDAC6B1214452B7C00F80FE6 /* UIKit.framework */ = {isa = PBXFileReference; lastKnownFileType = wrapper.framework; name = UIKit.framework; path = System/Library/Frameworks/UIKit.framework; sourceTree = SDKROOT; };
		DDAC6B1414452B7C00F80FE6 /* Foundation.framework */ = {isa = PBXFileReference; lastKnownFileType = wrapper.framework; name = Foundation.framework; path = System/Library/Frameworks/Foundation.framework; sourceTree = SDKROOT; };
		DDAC6B1614452B7C00F80FE6 /* CoreGraphics.framework */ = {isa = PBXFileReference; lastKnownFileType = wrapper.framework; name = CoreGraphics.framework; path = System/Library/Frameworks/CoreGraphics.framework; sourceTree = SDKROOT; };
		DDAC6B1A14452B7C00F80FE6 /* MapApp-Info.plist */ = {isa = PBXFileReference; lastKnownFileType = text.plist.xml; path = "MapApp-Info.plist"; sourceTree = "<group>"; };
		DDAC6B1C14452B7C00F80FE6 /* en */ = {isa = PBXFileReference; lastKnownFileType = text.plist.strings; name = en; path = en.lproj/InfoPlist.strings; sourceTree = "<group>"; };
		DDAC6B1E14452B7C00F80FE6 /* MapApp-Prefix.pch */ = {isa = PBXFileReference; lastKnownFileType = sourcecode.c.h; path = "MapApp-Prefix.pch"; sourceTree = "<group>"; };
		DDAC6B1F14452B7C00F80FE6 /* main.m */ = {isa = PBXFileReference; lastKnownFileType = sourcecode.c.objc; path = main.m; sourceTree = "<group>"; };
		DDAC6B2114452B7C00F80FE6 /* MapAppAppDelegate.h */ = {isa = PBXFileReference; lastKnownFileType = sourcecode.c.h; path = MapAppAppDelegate.h; sourceTree = "<group>"; };
		DDAC6B2214452B7C00F80FE6 /* MapAppAppDelegate.m */ = {isa = PBXFileReference; lastKnownFileType = sourcecode.c.objc; path = MapAppAppDelegate.m; sourceTree = "<group>"; };
		DDAC6B2514452B7C00F80FE6 /* en */ = {isa = PBXFileReference; lastKnownFileType = file.xib; name = en; path = en.lproj/MainWindow.xib; sourceTree = "<group>"; };
		DDAC6B2714452B7C00F80FE6 /* MapAppViewController.h */ = {isa = PBXFileReference; lastKnownFileType = sourcecode.c.h; path = MapAppViewController.h; sourceTree = "<group>"; };
		DDAC6B2814452B7C00F80FE6 /* MapAppViewController.m */ = {isa = PBXFileReference; lastKnownFileType = sourcecode.c.objc; path = MapAppViewController.m; sourceTree = "<group>"; };
		DDAC6B2B14452B7C00F80FE6 /* en */ = {isa = PBXFileReference; lastKnownFileType = file.xib; name = en; path = en.lproj/MapAppViewController.xib; sourceTree = "<group>"; };
		DDAC6B3214452B9900F80FE6 /* MapKit.framework */ = {isa = PBXFileReference; lastKnownFileType = wrapper.framework; name = MapKit.framework; path = System/Library/Frameworks/MapKit.framework; sourceTree = SDKROOT; };
/* End PBXFileReference section */

/* Begin PBXFrameworksBuildPhase section */
		DDAC6B0B14452B7C00F80FE6 /* Frameworks */ = {
			isa = PBXFrameworksBuildPhase;
			buildActionMask = 2147483647;
			files = (
				DDAC6B3314452B9900F80FE6 /* MapKit.framework in Frameworks */,
				DDAC6B1314452B7C00F80FE6 /* UIKit.framework in Frameworks */,
				DDAC6B1514452B7C00F80FE6 /* Foundation.framework in Frameworks */,
				DDAC6B1714452B7C00F80FE6 /* CoreGraphics.framework in Frameworks */,
			);
			runOnlyForDeploymentPostprocessing = 0;
		};
/* End PBXFrameworksBuildPhase section */

/* Begin PBXGroup section */
		DDAC6B0314452B7C00F80FE6 = {
			isa = PBXGroup;
			children = (
				DDAC6B1814452B7C00F80FE6 /* MapApp */,
				DDAC6B1114452B7C00F80FE6 /* Frameworks */,
				DDAC6B0F14452B7C00F80FE6 /* Products */,
			);
			sourceTree = "<group>";
		};
		DDAC6B0F14452B7C00F80FE6 /* Products */ = {
			isa = PBXGroup;
			children = (
				DDAC6B0E14452B7C00F80FE6 /* MapApp.app */,
			);
			name = Products;
			sourceTree = "<group>";
		};
		DDAC6B1114452B7C00F80FE6 /* Frameworks */ = {
			isa = PBXGroup;
			children = (
				DDAC6B3214452B9900F80FE6 /* MapKit.framework */,
				DDAC6B1214452B7C00F80FE6 /* UIKit.framework */,
				DDAC6B1414452B7C00F80FE6 /* Foundation.framework */,
				DDAC6B1614452B7C00F80FE6 /* CoreGraphics.framework */,
			);
			name = Frameworks;
			sourceTree = "<group>";
		};
		DDAC6B1814452B7C00F80FE6 /* MapApp */ = {
			isa = PBXGroup;
			children = (
				DD5AA07514454ADD00BDBCAD /* MapAnnotation.h */,
				DD5AA07614454ADD00BDBCAD /* MapAnnotation.m */,
				DDAC6B2114452B7C00F80FE6 /* MapAppAppDelegate.h */,
				DDAC6B2214452B7C00F80FE6 /* MapAppAppDelegate.m */,
				DDAC6B2414452B7C00F80FE6 /* MainWindow.xib */,
				DDAC6B2714452B7C00F80FE6 /* MapAppViewController.h */,
				DDAC6B2814452B7C00F80FE6 /* MapAppViewController.m */,
				DDAC6B2A14452B7C00F80FE6 /* MapAppViewController.xib */,
				DDAC6B1914452B7C00F80FE6 /* Supporting Files */,
			);
			path = MapApp;
			sourceTree = "<group>";
		};
		DDAC6B1914452B7C00F80FE6 /* Supporting Files */ = {
			isa = PBXGroup;
			children = (
				DDAC6B1A14452B7C00F80FE6 /* MapApp-Info.plist */,
				DDAC6B1B14452B7C00F80FE6 /* InfoPlist.strings */,
				DDAC6B1E14452B7C00F80FE6 /* MapApp-Prefix.pch */,
				DDAC6B1F14452B7C00F80FE6 /* main.m */,
			);
			name = "Supporting Files";
			sourceTree = "<group>";
		};
/* End PBXGroup section */

/* Begin PBXNativeTarget section */
		DDAC6B0D14452B7C00F80FE6 /* MapApp */ = {
			isa = PBXNativeTarget;
			buildConfigurationList = DDAC6B2F14452B7C00F80FE6 /* Build configuration list for PBXNativeTarget "MapApp" */;
			buildPhases = (
				DDAC6B0A14452B7C00F80FE6 /* Sources */,
				DDAC6B0B14452B7C00F80FE6 /* Frameworks */,
				DDAC6B0C14452B7C00F80FE6 /* Resources */,
			);
			buildRules = (
			);
			dependencies = (
			);
			name = MapApp;
			productName = MapApp;
			productReference = DDAC6B0E14452B7C00F80FE6 /* MapApp.app */;
			productType = "com.apple.product-type.application";
		};
/* End PBXNativeTarget section */

/* Begin PBXProject section */
		DDAC6B0514452B7C00F80FE6 /* Project object */ = {
			isa = PBXProject;
			buildConfigurationList = DDAC6B0814452B7C00F80FE6 /* Build configuration list for PBXProject "MapApp" */;
			compatibilityVersion = "Xcode 3.2";
			developmentRegion = English;
			hasScannedForEncodings = 0;
			knownRegions = (
				en,
			);
			mainGroup = DDAC6B0314452B7C00F80FE6;
			productRefGroup = DDAC6B0F14452B7C00F80FE6 /* Products */;
			projectDirPath = "";
			projectRoot = "";
			targets = (
				DDAC6B0D14452B7C00F80FE6 /* MapApp */,
			);
		};
/* End PBXProject section */

/* Begin PBXResourcesBuildPhase section */
		DDAC6B0C14452B7C00F80FE6 /* Resources */ = {
			isa = PBXResourcesBuildPhase;
			buildActionMask = 2147483647;
			files = (
				DDAC6B1D14452B7C00F80FE6 /* InfoPlist.strings in Resources */,
				DDAC6B2614452B7C00F80FE6 /* MainWindow.xib in Resources */,
				DDAC6B2C14452B7C00F80FE6 /* MapAppViewController.xib in Resources */,
			);
			runOnlyForDeploymentPostprocessing = 0;
		};
/* End PBXResourcesBuildPhase section */

/* Begin PBXSourcesBuildPhase section */
		DDAC6B0A14452B7C00F80FE6 /* Sources */ = {
			isa = PBXSourcesBuildPhase;
			buildActionMask = 2147483647;
			files = (
				DDAC6B2014452B7C00F80FE6 /* main.m in Sources */,
				DDAC6B2314452B7C00F80FE6 /* MapAppAppDelegate.m in Sources */,
				DDAC6B2914452B7C00F80FE6 /* MapAppViewController.m in Sources */,
				DD5AA07714454ADD00BDBCAD /* MapAnnotation.m in Sources */,
			);
			runOnlyForDeploymentPostprocessing = 0;
		};
/* End PBXSourcesBuildPhase section */

/* Begin PBXVariantGroup section */
		DDAC6B1B14452B7C00F80FE6 /* InfoPlist.strings */ = {
			isa = PBXVariantGroup;
			children = (
				DDAC6B1C14452B7C00F80FE6 /* en */,
			);
			name = InfoPlist.strings;
			sourceTree = "<group>";
		};
		DDAC6B2414452B7C00F80FE6 /* MainWindow.xib */ = {
			isa = PBXVariantGroup;
			children = (
				DDAC6B2514452B7C00F80FE6 /* en */,
			);
			name = MainWindow.xib;
			sourceTree = "<group>";
		};
		DDAC6B2A14452B7C00F80FE6 /* MapAppViewController.xib */ = {
			isa = PBXVariantGroup;
			children = (
				DDAC6B2B14452B7C00F80FE6 /* en */,
			);
			name = MapAppViewController.xib;
			sourceTree = "<group>";
		};
/* End PBXVariantGroup section */

/* Begin XCBuildConfiguration section */
		DDAC6B2D14452B7C00F80FE6 /* Debug */ = {
			isa = XCBuildConfiguration;
			buildSettings = {
				ARCHS = "$(ARCHS_STANDARD_32_BIT)";
				"CODE_SIGN_IDENTITY[sdk=iphoneos*]" = "iPhone Developer";
				GCC_C_LANGUAGE_STANDARD = gnu99;
				GCC_OPTIMIZATION_LEVEL = 0;
				GCC_PREPROCESSOR_DEFINITIONS = DEBUG;
				GCC_SYMBOLS_PRIVATE_EXTERN = NO;
				GCC_VERSION = com.apple.compilers.llvmgcc42;
				GCC_WARN_ABOUT_RETURN_TYPE = YES;
				GCC_WARN_UNUSED_VARIABLE = YES;
				IPHONEOS_DEPLOYMENT_TARGET = 4.3;
				SDKROOT = iphoneos;
			};
			name = Debug;
		};
		DDAC6B2E14452B7C00F80FE6 /* Release */ = {
			isa = XCBuildConfiguration;
			buildSettings = {
				ARCHS = "$(ARCHS_STANDARD_32_BIT)";
				"CODE_SIGN_IDENTITY[sdk=iphoneos*]" = "iPhone Developer";
				GCC_C_LANGUAGE_STANDARD = gnu99;
				GCC_VERSION = com.apple.compilers.llvmgcc42;
				GCC_WARN_ABOUT_RETURN_TYPE = YES;
				GCC_WARN_UNUSED_VARIABLE = YES;
				IPHONEOS_DEPLOYMENT_TARGET = 4.3;
				OTHER_CFLAGS = "-DNS_BLOCK_ASSERTIONS=1";
				SDKROOT = iphoneos;
			};
			name = Release;
		};
		DDAC6B3014452B7C00F80FE6 /* Debug */ = {
			isa = XCBuildConfiguration;
			buildSettings = {
				ALWAYS_SEARCH_USER_PATHS = NO;
				COPY_PHASE_STRIP = NO;
				GCC_DYNAMIC_NO_PIC = NO;
				GCC_PRECOMPILE_PREFIX_HEADER = YES;
				GCC_PREFIX_HEADER = "MapApp/MapApp-Prefix.pch";
				INFOPLIST_FILE = "MapApp/MapApp-Info.plist";
				PRODUCT_NAME = "$(TARGET_NAME)";
				WRAPPER_EXTENSION = app;
			};
			name = Debug;
		};
		DDAC6B3114452B7C00F80FE6 /* Release */ = {
			isa = XCBuildConfiguration;
			buildSettings = {
				ALWAYS_SEARCH_USER_PATHS = NO;
				COPY_PHASE_STRIP = YES;
				GCC_PRECOMPILE_PREFIX_HEADER = YES;
				GCC_PREFIX_HEADER = "MapApp/MapApp-Prefix.pch";
				INFOPLIST_FILE = "MapApp/MapApp-Info.plist";
				PRODUCT_NAME = "$(TARGET_NAME)";
				VALIDATE_PRODUCT = YES;
				WRAPPER_EXTENSION = app;
			};
			name = Release;
		};
/* End XCBuildConfiguration section */

/* Begin XCConfigurationList section */
		DDAC6B0814452B7C00F80FE6 /* Build configuration list for PBXProject "MapApp" */ = {
			isa = XCConfigurationList;
			buildConfigurations = (
				DDAC6B2D14452B7C00F80FE6 /* Debug */,
				DDAC6B2E14452B7C00F80FE6 /* Release */,
			);
			defaultConfigurationIsVisible = 0;
			defaultConfigurationName = Release;
		};
		DDAC6B2F14452B7C00F80FE6 /* Build configuration list for PBXNativeTarget "MapApp" */ = {
			isa = XCConfigurationList;
			buildConfigurations = (
				DDAC6B3014452B7C00F80FE6 /* Debug */,
				DDAC6B3114452B7C00F80FE6 /* Release */,
			);
			defaultConfigurationIsVisible = 0;
			defaultConfigurationName = Release;
		};
/* End XCConfigurationList section */
	};
	rootObject = DDAC6B0514452B7C00F80FE6 /* Project object */;
}
